// !$*UTF8*$!
{
	archiveVersion = 1;
	classes = {
	};
	objectVersion = 56;
	objects = {

/* Begin PBXBuildFile section */
		3A0EB0682D3D94C100B4FA73 /* AppDelegate.swift in Sources */ = {isa = PBXBuildFile; fileRef = 3A0EB0672D3D94C100B4FA73 /* AppDelegate.swift */; };
		3A0EB06A2D3D94C100B4FA73 /* SceneDelegate.swift in Sources */ = {isa = PBXBuildFile; fileRef = 3A0EB0692D3D94C100B4FA73 /* SceneDelegate.swift */; };
		3A0EB06C2D3D94C100B4FA73 /* OverviewViewController.swift in Sources */ = {isa = PBXBuildFile; fileRef = 3A0EB06B2D3D94C100B4FA73 /* OverviewViewController.swift */; };
		3A0EB0712D3D94C200B4FA73 /* Assets.xcassets in Resources */ = {isa = PBXBuildFile; fileRef = 3A0EB0702D3D94C200B4FA73 /* Assets.xcassets */; };
		3A0EB0742D3D94C200B4FA73 /* Base in Resources */ = {isa = PBXBuildFile; fileRef = 3A0EB0732D3D94C200B4FA73 /* Base */; };
		3A0EB07F2D3D94C200B4FA73 /* AH_DemoTests.swift in Sources */ = {isa = PBXBuildFile; fileRef = 3A0EB07E2D3D94C200B4FA73 /* AH_DemoTests.swift */; };
		3A0EB0892D3D94C200B4FA73 /* AH_DemoUITests.swift in Sources */ = {isa = PBXBuildFile; fileRef = 3A0EB0882D3D94C200B4FA73 /* AH_DemoUITests.swift */; };
		3A0EB08B2D3D94C200B4FA73 /* AH_DemoUITestsLaunchTests.swift in Sources */ = {isa = PBXBuildFile; fileRef = 3A0EB08A2D3D94C200B4FA73 /* AH_DemoUITestsLaunchTests.swift */; };
		3A0EB09E2D3E903100B4FA73 /* OverviewViewModel.swift in Sources */ = {isa = PBXBuildFile; fileRef = 3A0EB09D2D3E903100B4FA73 /* OverviewViewModel.swift */; };
		3A0EB0A12D3E906E00B4FA73 /* ArtificatsCell.swift in Sources */ = {isa = PBXBuildFile; fileRef = 3A0EB0A02D3E906E00B4FA73 /* ArtificatsCell.swift */; };
		3A0EB0A32D3E90AC00B4FA73 /* ArtifactsModel.swift in Sources */ = {isa = PBXBuildFile; fileRef = 3A0EB0A22D3E90AC00B4FA73 /* ArtifactsModel.swift */; };
		3A0EB0A52D3E913300B4FA73 /* RijksAPIService.swift in Sources */ = {isa = PBXBuildFile; fileRef = 3A0EB0A42D3E913300B4FA73 /* RijksAPIService.swift */; };
		3A0EB0A92D3E916700B4FA73 /* NetworkError.swift in Sources */ = {isa = PBXBuildFile; fileRef = 3A0EB0A82D3E916700B4FA73 /* NetworkError.swift */; };
		3A0EB0AB2D3E919700B4FA73 /* RijksAPIServiceProtocol.swift in Sources */ = {isa = PBXBuildFile; fileRef = 3A0EB0AA2D3E919700B4FA73 /* RijksAPIServiceProtocol.swift */; };
		3A0EB0AD2D3E91DB00B4FA73 /* OverviewViewModelProtocol.swift in Sources */ = {isa = PBXBuildFile; fileRef = 3A0EB0AC2D3E91DB00B4FA73 /* OverviewViewModelProtocol.swift */; };
		3A0EB0B02D3E921200B4FA73 /* ImageCacheLoader.swift in Sources */ = {isa = PBXBuildFile; fileRef = 3A0EB0AF2D3E921200B4FA73 /* ImageCacheLoader.swift */; };
		3A0EB0B32D3EE79F00B4FA73 /* FetechArtifactsUseCases.swift in Sources */ = {isa = PBXBuildFile; fileRef = 3A0EB0B22D3EE79F00B4FA73 /* FetechArtifactsUseCases.swift */; };
		3A0EB0B62D3EE7F200B4FA73 /* Constants.swift in Sources */ = {isa = PBXBuildFile; fileRef = 3A0EB0B52D3EE7F200B4FA73 /* Constants.swift */; };
		3A0EB0B92D3FBDB100B4FA73 /* CenturyHeader.swift in Sources */ = {isa = PBXBuildFile; fileRef = 3A0EB0B82D3FBDB100B4FA73 /* CenturyHeader.swift */; };
		3A70852E2D3FC38500FF19E9 /* RijksRepository.swift in Sources */ = {isa = PBXBuildFile; fileRef = 3A70852D2D3FC38500FF19E9 /* RijksRepository.swift */; };
		3A7085302D3FC39200FF19E9 /* RijksRepositoryProtocol.swift in Sources */ = {isa = PBXBuildFile; fileRef = 3A70852F2D3FC39200FF19E9 /* RijksRepositoryProtocol.swift */; };
		3A7085322D40457000FF19E9 /* ErrorHandler.swift in Sources */ = {isa = PBXBuildFile; fileRef = 3A7085312D40457000FF19E9 /* ErrorHandler.swift */; };
/* End PBXBuildFile section */

/* Begin PBXContainerItemProxy section */
		3A0EB07B2D3D94C200B4FA73 /* PBXContainerItemProxy */ = {
			isa = PBXContainerItemProxy;
			containerPortal = 3A0EB05C2D3D94C100B4FA73 /* Project object */;
			proxyType = 1;
			remoteGlobalIDString = 3A0EB0632D3D94C100B4FA73;
			remoteInfo = "AH-Demo";
		};
		3A0EB0852D3D94C200B4FA73 /* PBXContainerItemProxy */ = {
			isa = PBXContainerItemProxy;
			containerPortal = 3A0EB05C2D3D94C100B4FA73 /* Project object */;
			proxyType = 1;
			remoteGlobalIDString = 3A0EB0632D3D94C100B4FA73;
			remoteInfo = "AH-Demo";
		};
/* End PBXContainerItemProxy section */

/* Begin PBXFileReference section */
		3A0EB0642D3D94C100B4FA73 /* AH-Demo.app */ = {isa = PBXFileReference; explicitFileType = wrapper.application; includeInIndex = 0; path = "AH-Demo.app"; sourceTree = BUILT_PRODUCTS_DIR; };
		3A0EB0672D3D94C100B4FA73 /* AppDelegate.swift */ = {isa = PBXFileReference; lastKnownFileType = sourcecode.swift; path = AppDelegate.swift; sourceTree = "<group>"; };
		3A0EB0692D3D94C100B4FA73 /* SceneDelegate.swift */ = {isa = PBXFileReference; lastKnownFileType = sourcecode.swift; path = SceneDelegate.swift; sourceTree = "<group>"; };
		3A0EB06B2D3D94C100B4FA73 /* OverviewViewController.swift */ = {isa = PBXFileReference; lastKnownFileType = sourcecode.swift; path = OverviewViewController.swift; sourceTree = "<group>"; };
		3A0EB0702D3D94C200B4FA73 /* Assets.xcassets */ = {isa = PBXFileReference; lastKnownFileType = folder.assetcatalog; path = Assets.xcassets; sourceTree = "<group>"; };
		3A0EB0732D3D94C200B4FA73 /* Base */ = {isa = PBXFileReference; lastKnownFileType = file.storyboard; name = Base; path = Base.lproj/LaunchScreen.storyboard; sourceTree = "<group>"; };
		3A0EB0752D3D94C200B4FA73 /* Info.plist */ = {isa = PBXFileReference; lastKnownFileType = text.plist.xml; path = Info.plist; sourceTree = "<group>"; };
		3A0EB07A2D3D94C200B4FA73 /* AH-DemoTests.xctest */ = {isa = PBXFileReference; explicitFileType = wrapper.cfbundle; includeInIndex = 0; path = "AH-DemoTests.xctest"; sourceTree = BUILT_PRODUCTS_DIR; };
		3A0EB07E2D3D94C200B4FA73 /* AH_DemoTests.swift */ = {isa = PBXFileReference; lastKnownFileType = sourcecode.swift; path = AH_DemoTests.swift; sourceTree = "<group>"; };
		3A0EB0842D3D94C200B4FA73 /* AH-DemoUITests.xctest */ = {isa = PBXFileReference; explicitFileType = wrapper.cfbundle; includeInIndex = 0; path = "AH-DemoUITests.xctest"; sourceTree = BUILT_PRODUCTS_DIR; };
		3A0EB0882D3D94C200B4FA73 /* AH_DemoUITests.swift */ = {isa = PBXFileReference; lastKnownFileType = sourcecode.swift; path = AH_DemoUITests.swift; sourceTree = "<group>"; };
		3A0EB08A2D3D94C200B4FA73 /* AH_DemoUITestsLaunchTests.swift */ = {isa = PBXFileReference; lastKnownFileType = sourcecode.swift; path = AH_DemoUITestsLaunchTests.swift; sourceTree = "<group>"; };
		3A0EB09D2D3E903100B4FA73 /* OverviewViewModel.swift */ = {isa = PBXFileReference; lastKnownFileType = sourcecode.swift; path = OverviewViewModel.swift; sourceTree = "<group>"; };
		3A0EB0A02D3E906E00B4FA73 /* ArtificatsCell.swift */ = {isa = PBXFileReference; lastKnownFileType = sourcecode.swift; path = ArtificatsCell.swift; sourceTree = "<group>"; };
		3A0EB0A22D3E90AC00B4FA73 /* ArtifactsModel.swift */ = {isa = PBXFileReference; lastKnownFileType = sourcecode.swift; path = ArtifactsModel.swift; sourceTree = "<group>"; };
		3A0EB0A42D3E913300B4FA73 /* RijksAPIService.swift */ = {isa = PBXFileReference; lastKnownFileType = sourcecode.swift; path = RijksAPIService.swift; sourceTree = "<group>"; };
		3A0EB0A82D3E916700B4FA73 /* NetworkError.swift */ = {isa = PBXFileReference; lastKnownFileType = sourcecode.swift; path = NetworkError.swift; sourceTree = "<group>"; };
		3A0EB0AA2D3E919700B4FA73 /* RijksAPIServiceProtocol.swift */ = {isa = PBXFileReference; lastKnownFileType = sourcecode.swift; path = RijksAPIServiceProtocol.swift; sourceTree = "<group>"; };
		3A0EB0AC2D3E91DB00B4FA73 /* OverviewViewModelProtocol.swift */ = {isa = PBXFileReference; lastKnownFileType = sourcecode.swift; path = OverviewViewModelProtocol.swift; sourceTree = "<group>"; };
		3A0EB0AF2D3E921200B4FA73 /* ImageCacheLoader.swift */ = {isa = PBXFileReference; lastKnownFileType = sourcecode.swift; path = ImageCacheLoader.swift; sourceTree = "<group>"; };
		3A0EB0B22D3EE79F00B4FA73 /* FetechArtifactsUseCases.swift */ = {isa = PBXFileReference; lastKnownFileType = sourcecode.swift; path = FetechArtifactsUseCases.swift; sourceTree = "<group>"; };
		3A0EB0B52D3EE7F200B4FA73 /* Constants.swift */ = {isa = PBXFileReference; lastKnownFileType = sourcecode.swift; path = Constants.swift; sourceTree = "<group>"; };
		3A0EB0B82D3FBDB100B4FA73 /* CenturyHeader.swift */ = {isa = PBXFileReference; lastKnownFileType = sourcecode.swift; path = CenturyHeader.swift; sourceTree = "<group>"; };
		3A70852D2D3FC38500FF19E9 /* RijksRepository.swift */ = {isa = PBXFileReference; lastKnownFileType = sourcecode.swift; path = RijksRepository.swift; sourceTree = "<group>"; };
		3A70852F2D3FC39200FF19E9 /* RijksRepositoryProtocol.swift */ = {isa = PBXFileReference; lastKnownFileType = sourcecode.swift; path = RijksRepositoryProtocol.swift; sourceTree = "<group>"; };
		3A7085312D40457000FF19E9 /* ErrorHandler.swift */ = {isa = PBXFileReference; lastKnownFileType = sourcecode.swift; path = ErrorHandler.swift; sourceTree = "<group>"; };
/* End PBXFileReference section */

/* Begin PBXFrameworksBuildPhase section */
		3A0EB0612D3D94C100B4FA73 /* Frameworks */ = {
			isa = PBXFrameworksBuildPhase;
			buildActionMask = 2147483647;
			files = (
			);
			runOnlyForDeploymentPostprocessing = 0;
		};
		3A0EB0772D3D94C200B4FA73 /* Frameworks */ = {
			isa = PBXFrameworksBuildPhase;
			buildActionMask = 2147483647;
			files = (
			);
			runOnlyForDeploymentPostprocessing = 0;
		};
		3A0EB0812D3D94C200B4FA73 /* Frameworks */ = {
			isa = PBXFrameworksBuildPhase;
			buildActionMask = 2147483647;
			files = (
			);
			runOnlyForDeploymentPostprocessing = 0;
		};
/* End PBXFrameworksBuildPhase section */

/* Begin PBXGroup section */
		3A0EB05B2D3D94C100B4FA73 = {
			isa = PBXGroup;
			children = (
				3A0EB0662D3D94C100B4FA73 /* AH-Demo */,
				3A0EB07D2D3D94C200B4FA73 /* AH-DemoTests */,
				3A0EB0872D3D94C200B4FA73 /* AH-DemoUITests */,
				3A0EB0652D3D94C100B4FA73 /* Products */,
			);
			sourceTree = "<group>";
		};
		3A0EB0652D3D94C100B4FA73 /* Products */ = {
			isa = PBXGroup;
			children = (
				3A0EB0642D3D94C100B4FA73 /* AH-Demo.app */,
				3A0EB07A2D3D94C200B4FA73 /* AH-DemoTests.xctest */,
				3A0EB0842D3D94C200B4FA73 /* AH-DemoUITests.xctest */,
			);
			name = Products;
			sourceTree = "<group>";
		};
		3A0EB0662D3D94C100B4FA73 /* AH-Demo */ = {
			isa = PBXGroup;
			children = (
				3A0EB0672D3D94C100B4FA73 /* AppDelegate.swift */,
				3A0EB0692D3D94C100B4FA73 /* SceneDelegate.swift */,
				3A0EB0982D3E8C0800B4FA73 /* Data */,
				3A0EB0B12D3E923100B4FA73 /* Domain */,
				3A0EB0972D3E850300B4FA73 /* Presentation */,
				3A0EB0AE2D3E91F600B4FA73 /* Utils */,
				3A0EB0702D3D94C200B4FA73 /* Assets.xcassets */,
				3A0EB0722D3D94C200B4FA73 /* LaunchScreen.storyboard */,
				3A0EB0752D3D94C200B4FA73 /* Info.plist */,
			);
			path = "AH-Demo";
			sourceTree = "<group>";
		};
		3A0EB07D2D3D94C200B4FA73 /* AH-DemoTests */ = {
			isa = PBXGroup;
			children = (
				3A0EB07E2D3D94C200B4FA73 /* AH_DemoTests.swift */,
			);
			path = "AH-DemoTests";
			sourceTree = "<group>";
		};
		3A0EB0872D3D94C200B4FA73 /* AH-DemoUITests */ = {
			isa = PBXGroup;
			children = (
				3A0EB0882D3D94C200B4FA73 /* AH_DemoUITests.swift */,
				3A0EB08A2D3D94C200B4FA73 /* AH_DemoUITestsLaunchTests.swift */,
			);
			path = "AH-DemoUITests";
			sourceTree = "<group>";
		};
		3A0EB0972D3E850300B4FA73 /* Presentation */ = {
			isa = PBXGroup;
			children = (
				3A0EB09F2D3E904400B4FA73 /* Views */,
				3A0EB09C2D3E901D00B4FA73 /* ViewModels */,
				3A0EB09B2D3E901100B4FA73 /* ViewControllers */,
			);
			path = Presentation;
			sourceTree = "<group>";
		};
		3A0EB0982D3E8C0800B4FA73 /* Data */ = {
			isa = PBXGroup;
			children = (
				3A0EB0A62D3E913D00B4FA73 /* Service */,
				3A70852C2D3FC36400FF19E9 /* Repositories */,
				3A0EB0A72D3E915000B4FA73 /* Network */,
				3A0EB09A2D3E8C3000B4FA73 /* Model */,
			);
			path = Data;
			sourceTree = "<group>";
		};
		3A0EB09A2D3E8C3000B4FA73 /* Model */ = {
			isa = PBXGroup;
			children = (
				3A0EB0A22D3E90AC00B4FA73 /* ArtifactsModel.swift */,
			);
			path = Model;
			sourceTree = "<group>";
		};
		3A0EB09B2D3E901100B4FA73 /* ViewControllers */ = {
			isa = PBXGroup;
			children = (
				3A0EB06B2D3D94C100B4FA73 /* OverviewViewController.swift */,
			);
			path = ViewControllers;
			sourceTree = "<group>";
		};
		3A0EB09C2D3E901D00B4FA73 /* ViewModels */ = {
			isa = PBXGroup;
			children = (
				3A0EB09D2D3E903100B4FA73 /* OverviewViewModel.swift */,
				3A0EB0AC2D3E91DB00B4FA73 /* OverviewViewModelProtocol.swift */,
			);
			path = ViewModels;
			sourceTree = "<group>";
		};
		3A0EB09F2D3E904400B4FA73 /* Views */ = {
			isa = PBXGroup;
			children = (
				3A0EB0A02D3E906E00B4FA73 /* ArtificatsCell.swift */,
				3A0EB0B82D3FBDB100B4FA73 /* CenturyHeader.swift */,
			);
			path = Views;
			sourceTree = "<group>";
		};
		3A0EB0A62D3E913D00B4FA73 /* Service */ = {
			isa = PBXGroup;
			children = (
				3A0EB0A42D3E913300B4FA73 /* RijksAPIService.swift */,
				3A0EB0AA2D3E919700B4FA73 /* RijksAPIServiceProtocol.swift */,
			);
			path = Service;
			sourceTree = "<group>";
		};
		3A0EB0A72D3E915000B4FA73 /* Network */ = {
			isa = PBXGroup;
			children = (
				3A0EB0A82D3E916700B4FA73 /* NetworkError.swift */,
			);
			path = Network;
			sourceTree = "<group>";
		};
		3A0EB0AE2D3E91F600B4FA73 /* Utils */ = {
			isa = PBXGroup;
			children = (
				3A0EB0B72D3EE7FE00B4FA73 /* Extensions */,
				3A0EB0AF2D3E921200B4FA73 /* ImageCacheLoader.swift */,
				3A0EB0B52D3EE7F200B4FA73 /* Constants.swift */,
				3A7085312D40457000FF19E9 /* ErrorHandler.swift */,
			);
			path = Utils;
			sourceTree = "<group>";
		};
		3A0EB0B12D3E923100B4FA73 /* Domain */ = {
			isa = PBXGroup;
			children = (
				3A0EB0B42D3EE7A500B4FA73 /* UseCases */,
			);
			path = Domain;
			sourceTree = "<group>";
		};
		3A0EB0B42D3EE7A500B4FA73 /* UseCases */ = {
			isa = PBXGroup;
			children = (
				3A0EB0B22D3EE79F00B4FA73 /* FetechArtifactsUseCases.swift */,
			);
			path = UseCases;
			sourceTree = "<group>";
		};
		3A0EB0B72D3EE7FE00B4FA73 /* Extensions */ = {
			isa = PBXGroup;
			children = (
			);
			path = Extensions;
			sourceTree = "<group>";
		};
		3A70852C2D3FC36400FF19E9 /* Repositories */ = {
			isa = PBXGroup;
			children = (
				3A70852D2D3FC38500FF19E9 /* RijksRepository.swift */,
				3A70852F2D3FC39200FF19E9 /* RijksRepositoryProtocol.swift */,
			);
			path = Repositories;
			sourceTree = "<group>";
		};
/* End PBXGroup section */

/* Begin PBXNativeTarget section */
		3A0EB0632D3D94C100B4FA73 /* AH-Demo */ = {
			isa = PBXNativeTarget;
			buildConfigurationList = 3A0EB08E2D3D94C200B4FA73 /* Build configuration list for PBXNativeTarget "AH-Demo" */;
			buildPhases = (
				3A0EB0602D3D94C100B4FA73 /* Sources */,
				3A0EB0612D3D94C100B4FA73 /* Frameworks */,
				3A0EB0622D3D94C100B4FA73 /* Resources */,
			);
			buildRules = (
			);
			dependencies = (
			);
			name = "AH-Demo";
			productName = "AH-Demo";
			productReference = 3A0EB0642D3D94C100B4FA73 /* AH-Demo.app */;
			productType = "com.apple.product-type.application";
		};
		3A0EB0792D3D94C200B4FA73 /* AH-DemoTests */ = {
			isa = PBXNativeTarget;
			buildConfigurationList = 3A0EB0912D3D94C200B4FA73 /* Build configuration list for PBXNativeTarget "AH-DemoTests" */;
			buildPhases = (
				3A0EB0762D3D94C200B4FA73 /* Sources */,
				3A0EB0772D3D94C200B4FA73 /* Frameworks */,
				3A0EB0782D3D94C200B4FA73 /* Resources */,
			);
			buildRules = (
			);
			dependencies = (
				3A0EB07C2D3D94C200B4FA73 /* PBXTargetDependency */,
			);
			name = "AH-DemoTests";
			productName = "AH-DemoTests";
			productReference = 3A0EB07A2D3D94C200B4FA73 /* AH-DemoTests.xctest */;
			productType = "com.apple.product-type.bundle.unit-test";
		};
		3A0EB0832D3D94C200B4FA73 /* AH-DemoUITests */ = {
			isa = PBXNativeTarget;
			buildConfigurationList = 3A0EB0942D3D94C200B4FA73 /* Build configuration list for PBXNativeTarget "AH-DemoUITests" */;
			buildPhases = (
				3A0EB0802D3D94C200B4FA73 /* Sources */,
				3A0EB0812D3D94C200B4FA73 /* Frameworks */,
				3A0EB0822D3D94C200B4FA73 /* Resources */,
			);
			buildRules = (
			);
			dependencies = (
				3A0EB0862D3D94C200B4FA73 /* PBXTargetDependency */,
			);
			name = "AH-DemoUITests";
			productName = "AH-DemoUITests";
			productReference = 3A0EB0842D3D94C200B4FA73 /* AH-DemoUITests.xctest */;
			productType = "com.apple.product-type.bundle.ui-testing";
		};
/* End PBXNativeTarget section */

/* Begin PBXProject section */
		3A0EB05C2D3D94C100B4FA73 /* Project object */ = {
			isa = PBXProject;
			attributes = {
				BuildIndependentTargetsInParallel = 1;
				LastSwiftUpdateCheck = 1540;
				LastUpgradeCheck = 1540;
				TargetAttributes = {
					3A0EB0632D3D94C100B4FA73 = {
						CreatedOnToolsVersion = 15.4;
					};
					3A0EB0792D3D94C200B4FA73 = {
						CreatedOnToolsVersion = 15.4;
						TestTargetID = 3A0EB0632D3D94C100B4FA73;
					};
					3A0EB0832D3D94C200B4FA73 = {
						CreatedOnToolsVersion = 15.4;
						TestTargetID = 3A0EB0632D3D94C100B4FA73;
					};
				};
			};
			buildConfigurationList = 3A0EB05F2D3D94C100B4FA73 /* Build configuration list for PBXProject "AH-Demo" */;
			compatibilityVersion = "Xcode 14.0";
			developmentRegion = en;
			hasScannedForEncodings = 0;
			knownRegions = (
				en,
				Base,
			);
			mainGroup = 3A0EB05B2D3D94C100B4FA73;
			productRefGroup = 3A0EB0652D3D94C100B4FA73 /* Products */;
			projectDirPath = "";
			projectRoot = "";
			targets = (
				3A0EB0632D3D94C100B4FA73 /* AH-Demo */,
				3A0EB0792D3D94C200B4FA73 /* AH-DemoTests */,
				3A0EB0832D3D94C200B4FA73 /* AH-DemoUITests */,
			);
		};
/* End PBXProject section */

/* Begin PBXResourcesBuildPhase section */
		3A0EB0622D3D94C100B4FA73 /* Resources */ = {
			isa = PBXResourcesBuildPhase;
			buildActionMask = 2147483647;
			files = (
				3A0EB0712D3D94C200B4FA73 /* Assets.xcassets in Resources */,
				3A0EB0742D3D94C200B4FA73 /* Base in Resources */,
			);
			runOnlyForDeploymentPostprocessing = 0;
		};
		3A0EB0782D3D94C200B4FA73 /* Resources */ = {
			isa = PBXResourcesBuildPhase;
			buildActionMask = 2147483647;
			files = (
			);
			runOnlyForDeploymentPostprocessing = 0;
		};
		3A0EB0822D3D94C200B4FA73 /* Resources */ = {
			isa = PBXResourcesBuildPhase;
			buildActionMask = 2147483647;
			files = (
			);
			runOnlyForDeploymentPostprocessing = 0;
		};
/* End PBXResourcesBuildPhase section */

/* Begin PBXSourcesBuildPhase section */
		3A0EB0602D3D94C100B4FA73 /* Sources */ = {
			isa = PBXSourcesBuildPhase;
			buildActionMask = 2147483647;
			files = (
				3A0EB0AB2D3E919700B4FA73 /* RijksAPIServiceProtocol.swift in Sources */,
				3A0EB0B92D3FBDB100B4FA73 /* CenturyHeader.swift in Sources */,
				3A0EB06C2D3D94C100B4FA73 /* OverviewViewController.swift in Sources */,
				3A0EB0A92D3E916700B4FA73 /* NetworkError.swift in Sources */,
				3A0EB0A12D3E906E00B4FA73 /* ArtificatsCell.swift in Sources */,
				3A0EB0B32D3EE79F00B4FA73 /* FetechArtifactsUseCases.swift in Sources */,
				3A7085322D40457000FF19E9 /* ErrorHandler.swift in Sources */,
				3A0EB09E2D3E903100B4FA73 /* OverviewViewModel.swift in Sources */,
				3A0EB0682D3D94C100B4FA73 /* AppDelegate.swift in Sources */,
				3A0EB0B62D3EE7F200B4FA73 /* Constants.swift in Sources */,
				3A0EB06A2D3D94C100B4FA73 /* SceneDelegate.swift in Sources */,
				3A0EB0AD2D3E91DB00B4FA73 /* OverviewViewModelProtocol.swift in Sources */,
				3A70852E2D3FC38500FF19E9 /* RijksRepository.swift in Sources */,
				3A0EB0A32D3E90AC00B4FA73 /* ArtifactsModel.swift in Sources */,
				3A7085302D3FC39200FF19E9 /* RijksRepositoryProtocol.swift in Sources */,
				3A0EB0B02D3E921200B4FA73 /* ImageCacheLoader.swift in Sources */,
				3A0EB0A52D3E913300B4FA73 /* RijksAPIService.swift in Sources */,
			);
			runOnlyForDeploymentPostprocessing = 0;
		};
		3A0EB0762D3D94C200B4FA73 /* Sources */ = {
			isa = PBXSourcesBuildPhase;
			buildActionMask = 2147483647;
			files = (
				3A0EB07F2D3D94C200B4FA73 /* AH_DemoTests.swift in Sources */,
			);
			runOnlyForDeploymentPostprocessing = 0;
		};
		3A0EB0802D3D94C200B4FA73 /* Sources */ = {
			isa = PBXSourcesBuildPhase;
			buildActionMask = 2147483647;
			files = (
				3A0EB08B2D3D94C200B4FA73 /* AH_DemoUITestsLaunchTests.swift in Sources */,
				3A0EB0892D3D94C200B4FA73 /* AH_DemoUITests.swift in Sources */,
			);
			runOnlyForDeploymentPostprocessing = 0;
		};
/* End PBXSourcesBuildPhase section */

/* Begin PBXTargetDependency section */
		3A0EB07C2D3D94C200B4FA73 /* PBXTargetDependency */ = {
			isa = PBXTargetDependency;
			target = 3A0EB0632D3D94C100B4FA73 /* AH-Demo */;
			targetProxy = 3A0EB07B2D3D94C200B4FA73 /* PBXContainerItemProxy */;
		};
		3A0EB0862D3D94C200B4FA73 /* PBXTargetDependency */ = {
			isa = PBXTargetDependency;
			target = 3A0EB0632D3D94C100B4FA73 /* AH-Demo */;
			targetProxy = 3A0EB0852D3D94C200B4FA73 /* PBXContainerItemProxy */;
		};
/* End PBXTargetDependency section */

/* Begin PBXVariantGroup section */
		3A0EB0722D3D94C200B4FA73 /* LaunchScreen.storyboard */ = {
			isa = PBXVariantGroup;
			children = (
				3A0EB0732D3D94C200B4FA73 /* Base */,
			);
			name = LaunchScreen.storyboard;
			sourceTree = "<group>";
		};
/* End PBXVariantGroup section */

/* Begin XCBuildConfiguration section */
		3A0EB08C2D3D94C200B4FA73 /* Debug */ = {
			isa = XCBuildConfiguration;
			buildSettings = {
				ALWAYS_SEARCH_USER_PATHS = NO;
				ASSETCATALOG_COMPILER_GENERATE_SWIFT_ASSET_SYMBOL_EXTENSIONS = YES;
				CLANG_ANALYZER_NONNULL = YES;
				CLANG_ANALYZER_NUMBER_OBJECT_CONVERSION = YES_AGGRESSIVE;
				CLANG_CXX_LANGUAGE_STANDARD = "gnu++20";
				CLANG_ENABLE_MODULES = YES;
				CLANG_ENABLE_OBJC_ARC = YES;
				CLANG_ENABLE_OBJC_WEAK = YES;
				CLANG_WARN_BLOCK_CAPTURE_AUTORELEASING = YES;
				CLANG_WARN_BOOL_CONVERSION = YES;
				CLANG_WARN_COMMA = YES;
				CLANG_WARN_CONSTANT_CONVERSION = YES;
				CLANG_WARN_DEPRECATED_OBJC_IMPLEMENTATIONS = YES;
				CLANG_WARN_DIRECT_OBJC_ISA_USAGE = YES_ERROR;
				CLANG_WARN_DOCUMENTATION_COMMENTS = YES;
				CLANG_WARN_EMPTY_BODY = YES;
				CLANG_WARN_ENUM_CONVERSION = YES;
				CLANG_WARN_INFINITE_RECURSION = YES;
				CLANG_WARN_INT_CONVERSION = YES;
				CLANG_WARN_NON_LITERAL_NULL_CONVERSION = YES;
				CLANG_WARN_OBJC_IMPLICIT_RETAIN_SELF = YES;
				CLANG_WARN_OBJC_LITERAL_CONVERSION = YES;
				CLANG_WARN_OBJC_ROOT_CLASS = YES_ERROR;
				CLANG_WARN_QUOTED_INCLUDE_IN_FRAMEWORK_HEADER = YES;
				CLANG_WARN_RANGE_LOOP_ANALYSIS = YES;
				CLANG_WARN_STRICT_PROTOTYPES = YES;
				CLANG_WARN_SUSPICIOUS_MOVE = YES;
				CLANG_WARN_UNGUARDED_AVAILABILITY = YES_AGGRESSIVE;
				CLANG_WARN_UNREACHABLE_CODE = YES;
				CLANG_WARN__DUPLICATE_METHOD_MATCH = YES;
				COPY_PHASE_STRIP = NO;
				DEBUG_INFORMATION_FORMAT = dwarf;
				ENABLE_STRICT_OBJC_MSGSEND = YES;
				ENABLE_TESTABILITY = YES;
				ENABLE_USER_SCRIPT_SANDBOXING = YES;
				GCC_C_LANGUAGE_STANDARD = gnu17;
				GCC_DYNAMIC_NO_PIC = NO;
				GCC_NO_COMMON_BLOCKS = YES;
				GCC_OPTIMIZATION_LEVEL = 0;
				GCC_PREPROCESSOR_DEFINITIONS = (
					"DEBUG=1",
					"$(inherited)",
				);
				GCC_WARN_64_TO_32_BIT_CONVERSION = YES;
				GCC_WARN_ABOUT_RETURN_TYPE = YES_ERROR;
				GCC_WARN_UNDECLARED_SELECTOR = YES;
				GCC_WARN_UNINITIALIZED_AUTOS = YES_AGGRESSIVE;
				GCC_WARN_UNUSED_FUNCTION = YES;
				GCC_WARN_UNUSED_VARIABLE = YES;
				IPHONEOS_DEPLOYMENT_TARGET = 17.5;
				LOCALIZATION_PREFERS_STRING_CATALOGS = YES;
				MTL_ENABLE_DEBUG_INFO = INCLUDE_SOURCE;
				MTL_FAST_MATH = YES;
				ONLY_ACTIVE_ARCH = YES;
				SDKROOT = iphoneos;
				SWIFT_ACTIVE_COMPILATION_CONDITIONS = "DEBUG $(inherited)";
				SWIFT_OPTIMIZATION_LEVEL = "-Onone";
			};
			name = Debug;
		};
		3A0EB08D2D3D94C200B4FA73 /* Release */ = {
			isa = XCBuildConfiguration;
			buildSettings = {
				ALWAYS_SEARCH_USER_PATHS = NO;
				ASSETCATALOG_COMPILER_GENERATE_SWIFT_ASSET_SYMBOL_EXTENSIONS = YES;
				CLANG_ANALYZER_NONNULL = YES;
				CLANG_ANALYZER_NUMBER_OBJECT_CONVERSION = YES_AGGRESSIVE;
				CLANG_CXX_LANGUAGE_STANDARD = "gnu++20";
				CLANG_ENABLE_MODULES = YES;
				CLANG_ENABLE_OBJC_ARC = YES;
				CLANG_ENABLE_OBJC_WEAK = YES;
				CLANG_WARN_BLOCK_CAPTURE_AUTORELEASING = YES;
				CLANG_WARN_BOOL_CONVERSION = YES;
				CLANG_WARN_COMMA = YES;
				CLANG_WARN_CONSTANT_CONVERSION = YES;
				CLANG_WARN_DEPRECATED_OBJC_IMPLEMENTATIONS = YES;
				CLANG_WARN_DIRECT_OBJC_ISA_USAGE = YES_ERROR;
				CLANG_WARN_DOCUMENTATION_COMMENTS = YES;
				CLANG_WARN_EMPTY_BODY = YES;
				CLANG_WARN_ENUM_CONVERSION = YES;
				CLANG_WARN_INFINITE_RECURSION = YES;
				CLANG_WARN_INT_CONVERSION = YES;
				CLANG_WARN_NON_LITERAL_NULL_CONVERSION = YES;
				CLANG_WARN_OBJC_IMPLICIT_RETAIN_SELF = YES;
				CLANG_WARN_OBJC_LITERAL_CONVERSION = YES;
				CLANG_WARN_OBJC_ROOT_CLASS = YES_ERROR;
				CLANG_WARN_QUOTED_INCLUDE_IN_FRAMEWORK_HEADER = YES;
				CLANG_WARN_RANGE_LOOP_ANALYSIS = YES;
				CLANG_WARN_STRICT_PROTOTYPES = YES;
				CLANG_WARN_SUSPICIOUS_MOVE = YES;
				CLANG_WARN_UNGUARDED_AVAILABILITY = YES_AGGRESSIVE;
				CLANG_WARN_UNREACHABLE_CODE = YES;
				CLANG_WARN__DUPLICATE_METHOD_MATCH = YES;
				COPY_PHASE_STRIP = NO;
				DEBUG_INFORMATION_FORMAT = "dwarf-with-dsym";
				ENABLE_NS_ASSERTIONS = NO;
				ENABLE_STRICT_OBJC_MSGSEND = YES;
				ENABLE_USER_SCRIPT_SANDBOXING = YES;
				GCC_C_LANGUAGE_STANDARD = gnu17;
				GCC_NO_COMMON_BLOCKS = YES;
				GCC_WARN_64_TO_32_BIT_CONVERSION = YES;
				GCC_WARN_ABOUT_RETURN_TYPE = YES_ERROR;
				GCC_WARN_UNDECLARED_SELECTOR = YES;
				GCC_WARN_UNINITIALIZED_AUTOS = YES_AGGRESSIVE;
				GCC_WARN_UNUSED_FUNCTION = YES;
				GCC_WARN_UNUSED_VARIABLE = YES;
				IPHONEOS_DEPLOYMENT_TARGET = 17.5;
				LOCALIZATION_PREFERS_STRING_CATALOGS = YES;
				MTL_ENABLE_DEBUG_INFO = NO;
				MTL_FAST_MATH = YES;
				SDKROOT = iphoneos;
				SWIFT_COMPILATION_MODE = wholemodule;
				VALIDATE_PRODUCT = YES;
			};
			name = Release;
		};
		3A0EB08F2D3D94C200B4FA73 /* Debug */ = {
			isa = XCBuildConfiguration;
			buildSettings = {
				ASSETCATALOG_COMPILER_APPICON_NAME = AppIcon;
				ASSETCATALOG_COMPILER_GLOBAL_ACCENT_COLOR_NAME = AccentColor;
				CODE_SIGN_STYLE = Automatic;
				CURRENT_PROJECT_VERSION = 1;
				DEVELOPMENT_TEAM = 9DFK2G45UA;
				GENERATE_INFOPLIST_FILE = YES;
				INFOPLIST_FILE = "AH-Demo/Info.plist";
				INFOPLIST_KEY_UIApplicationSupportsIndirectInputEvents = YES;
				INFOPLIST_KEY_UILaunchStoryboardName = LaunchScreen;
				INFOPLIST_KEY_UISupportedInterfaceOrientations_iPad = "UIInterfaceOrientationPortrait UIInterfaceOrientationPortraitUpsideDown UIInterfaceOrientationLandscapeLeft UIInterfaceOrientationLandscapeRight";
				INFOPLIST_KEY_UISupportedInterfaceOrientations_iPhone = "UIInterfaceOrientationPortrait UIInterfaceOrientationLandscapeLeft UIInterfaceOrientationLandscapeRight";
				LD_RUNPATH_SEARCH_PATHS = (
					"$(inherited)",
					"@executable_path/Frameworks",
				);
				MARKETING_VERSION = 1.0;
				PRODUCT_BUNDLE_IDENTIFIER = "Harsha.AH-Demo";
				PRODUCT_NAME = "$(TARGET_NAME)";
				SWIFT_EMIT_LOC_STRINGS = YES;
				SWIFT_VERSION = 5.0;
				TARGETED_DEVICE_FAMILY = "1,2";
			};
			name = Debug;
		};
		3A0EB0902D3D94C200B4FA73 /* Release */ = {
			isa = XCBuildConfiguration;
			buildSettings = {
				ASSETCATALOG_COMPILER_APPICON_NAME = AppIcon;
				ASSETCATALOG_COMPILER_GLOBAL_ACCENT_COLOR_NAME = AccentColor;
				CODE_SIGN_STYLE = Automatic;
				CURRENT_PROJECT_VERSION = 1;
				DEVELOPMENT_TEAM = 9DFK2G45UA;
				GENERATE_INFOPLIST_FILE = YES;
				INFOPLIST_FILE = "AH-Demo/Info.plist";
				INFOPLIST_KEY_UIApplicationSupportsIndirectInputEvents = YES;
				INFOPLIST_KEY_UILaunchStoryboardName = LaunchScreen;
				INFOPLIST_KEY_UISupportedInterfaceOrientations_iPad = "UIInterfaceOrientationPortrait UIInterfaceOrientationPortraitUpsideDown UIInterfaceOrientationLandscapeLeft UIInterfaceOrientationLandscapeRight";
				INFOPLIST_KEY_UISupportedInterfaceOrientations_iPhone = "UIInterfaceOrientationPortrait UIInterfaceOrientationLandscapeLeft UIInterfaceOrientationLandscapeRight";
				LD_RUNPATH_SEARCH_PATHS = (
					"$(inherited)",
					"@executable_path/Frameworks",
				);
				MARKETING_VERSION = 1.0;
				PRODUCT_BUNDLE_IDENTIFIER = "Harsha.AH-Demo";
				PRODUCT_NAME = "$(TARGET_NAME)";
				SWIFT_EMIT_LOC_STRINGS = YES;
				SWIFT_VERSION = 5.0;
				TARGETED_DEVICE_FAMILY = "1,2";
			};
			name = Release;
		};
		3A0EB0922D3D94C200B4FA73 /* Debug */ = {
			isa = XCBuildConfiguration;
			buildSettings = {
				ALWAYS_EMBED_SWIFT_STANDARD_LIBRARIES = YES;
				BUNDLE_LOADER = "$(TEST_HOST)";
				CODE_SIGN_STYLE = Automatic;
				CURRENT_PROJECT_VERSION = 1;
				DEVELOPMENT_TEAM = 9DFK2G45UA;
				GENERATE_INFOPLIST_FILE = YES;
				IPHONEOS_DEPLOYMENT_TARGET = 17.5;
				MARKETING_VERSION = 1.0;
				PRODUCT_BUNDLE_IDENTIFIER = "Harsha.AH-DemoTests";
				PRODUCT_NAME = "$(TARGET_NAME)";
				SWIFT_EMIT_LOC_STRINGS = NO;
				SWIFT_VERSION = 5.0;
				TARGETED_DEVICE_FAMILY = "1,2";
				TEST_HOST = "$(BUILT_PRODUCTS_DIR)/AH-Demo.app/$(BUNDLE_EXECUTABLE_FOLDER_PATH)/AH-Demo";
			};
			name = Debug;
		};
		3A0EB0932D3D94C200B4FA73 /* Release */ = {
			isa = XCBuildConfiguration;
			buildSettings = {
				ALWAYS_EMBED_SWIFT_STANDARD_LIBRARIES = YES;
				BUNDLE_LOADER = "$(TEST_HOST)";
				CODE_SIGN_STYLE = Automatic;
				CURRENT_PROJECT_VERSION = 1;
				DEVELOPMENT_TEAM = 9DFK2G45UA;
				GENERATE_INFOPLIST_FILE = YES;
				IPHONEOS_DEPLOYMENT_TARGET = 17.5;
				MARKETING_VERSION = 1.0;
				PRODUCT_BUNDLE_IDENTIFIER = "Harsha.AH-DemoTests";
				PRODUCT_NAME = "$(TARGET_NAME)";
				SWIFT_EMIT_LOC_STRINGS = NO;
				SWIFT_VERSION = 5.0;
				TARGETED_DEVICE_FAMILY = "1,2";
				TEST_HOST = "$(BUILT_PRODUCTS_DIR)/AH-Demo.app/$(BUNDLE_EXECUTABLE_FOLDER_PATH)/AH-Demo";
			};
			name = Release;
		};
		3A0EB0952D3D94C200B4FA73 /* Debug */ = {
			isa = XCBuildConfiguration;
			buildSettings = {
				ALWAYS_EMBED_SWIFT_STANDARD_LIBRARIES = YES;
				CODE_SIGN_STYLE = Automatic;
				CURRENT_PROJECT_VERSION = 1;
				DEVELOPMENT_TEAM = 9DFK2G45UA;
				GENERATE_INFOPLIST_FILE = YES;
				MARKETING_VERSION = 1.0;
				PRODUCT_BUNDLE_IDENTIFIER = "Harsha.AH-DemoUITests";
				PRODUCT_NAME = "$(TARGET_NAME)";
				SWIFT_EMIT_LOC_STRINGS = NO;
				SWIFT_VERSION = 5.0;
				TARGETED_DEVICE_FAMILY = "1,2";
				TEST_TARGET_NAME = "AH-Demo";
			};
			name = Debug;
		};
		3A0EB0962D3D94C200B4FA73 /* Release */ = {
			isa = XCBuildConfiguration;
			buildSettings = {
				ALWAYS_EMBED_SWIFT_STANDARD_LIBRARIES = YES;
				CODE_SIGN_STYLE = Automatic;
				CURRENT_PROJECT_VERSION = 1;
				DEVELOPMENT_TEAM = 9DFK2G45UA;
				GENERATE_INFOPLIST_FILE = YES;
				MARKETING_VERSION = 1.0;
				PRODUCT_BUNDLE_IDENTIFIER = "Harsha.AH-DemoUITests";
				PRODUCT_NAME = "$(TARGET_NAME)";
				SWIFT_EMIT_LOC_STRINGS = NO;
				SWIFT_VERSION = 5.0;
				TARGETED_DEVICE_FAMILY = "1,2";
				TEST_TARGET_NAME = "AH-Demo";
			};
			name = Release;
		};
/* End XCBuildConfiguration section */

/* Begin XCConfigurationList section */
		3A0EB05F2D3D94C100B4FA73 /* Build configuration list for PBXProject "AH-Demo" */ = {
			isa = XCConfigurationList;
			buildConfigurations = (
				3A0EB08C2D3D94C200B4FA73 /* Debug */,
				3A0EB08D2D3D94C200B4FA73 /* Release */,
			);
			defaultConfigurationIsVisible = 0;
			defaultConfigurationName = Release;
		};
		3A0EB08E2D3D94C200B4FA73 /* Build configuration list for PBXNativeTarget "AH-Demo" */ = {
			isa = XCConfigurationList;
			buildConfigurations = (
				3A0EB08F2D3D94C200B4FA73 /* Debug */,
				3A0EB0902D3D94C200B4FA73 /* Release */,
			);
			defaultConfigurationIsVisible = 0;
			defaultConfigurationName = Release;
		};
		3A0EB0912D3D94C200B4FA73 /* Build configuration list for PBXNativeTarget "AH-DemoTests" */ = {
			isa = XCConfigurationList;
			buildConfigurations = (
				3A0EB0922D3D94C200B4FA73 /* Debug */,
				3A0EB0932D3D94C200B4FA73 /* Release */,
			);
			defaultConfigurationIsVisible = 0;
			defaultConfigurationName = Release;
		};
		3A0EB0942D3D94C200B4FA73 /* Build configuration list for PBXNativeTarget "AH-DemoUITests" */ = {
			isa = XCConfigurationList;
			buildConfigurations = (
				3A0EB0952D3D94C200B4FA73 /* Debug */,
				3A0EB0962D3D94C200B4FA73 /* Release */,
			);
			defaultConfigurationIsVisible = 0;
			defaultConfigurationName = Release;
		};
/* End XCConfigurationList section */
	};
	rootObject = 3A0EB05C2D3D94C100B4FA73 /* Project object */;
}
